// !$*UTF8*$!
{
	archiveVersion = 1;
	classes = {
	};
	objectVersion = 48;
	objects = {

/* Begin PBXBuildFile section */
		124D7641BDA61A3AFE72C77D /* Pods_SeattleParksGame.framework in Frameworks */ = {isa = PBXBuildFile; fileRef = DA7C669535767014740E55CE /* Pods_SeattleParksGame.framework */; settings = {ATTRIBUTES = (Required, ); }; };
		A37799B41FFF3B6900253E26 /* AnnotationPin.swift in Sources */ = {isa = PBXBuildFile; fileRef = A37799B31FFF3B6900253E26 /* AnnotationPin.swift */; };
		A37799B62002E2AE00253E26 /* MapKit.framework in Frameworks */ = {isa = PBXBuildFile; fileRef = A37799B52002E2AE00253E26 /* MapKit.framework */; };
		A37799B820040E7D00253E26 /* AchievementsViewController.swift in Sources */ = {isa = PBXBuildFile; fileRef = A37799B720040E7D00253E26 /* AchievementsViewController.swift */; };
		A383E7BF1FFCBA1400DACC2E /* AppDelegate.swift in Sources */ = {isa = PBXBuildFile; fileRef = A383E7BE1FFCBA1400DACC2E /* AppDelegate.swift */; };
		A383E7C41FFCBA1400DACC2E /* Main.storyboard in Resources */ = {isa = PBXBuildFile; fileRef = A383E7C21FFCBA1400DACC2E /* Main.storyboard */; };
		A383E7C61FFCBA1400DACC2E /* Assets.xcassets in Resources */ = {isa = PBXBuildFile; fileRef = A383E7C51FFCBA1400DACC2E /* Assets.xcassets */; };
		A383E7C91FFCBA1400DACC2E /* LaunchScreen.storyboard in Resources */ = {isa = PBXBuildFile; fileRef = A383E7C71FFCBA1400DACC2E /* LaunchScreen.storyboard */; };
		A383E7D11FFCC18300DACC2E /* HomeViewController.swift in Sources */ = {isa = PBXBuildFile; fileRef = A383E7D01FFCC18300DACC2E /* HomeViewController.swift */; };
		A383E7D31FFCC21300DACC2E /* ParkInfoViewController.swift in Sources */ = {isa = PBXBuildFile; fileRef = A383E7D21FFCC21200DACC2E /* ParkInfoViewController.swift */; };
		A383E7D51FFCC37A00DACC2E /* MapViewController.swift in Sources */ = {isa = PBXBuildFile; fileRef = A383E7D41FFCC37A00DACC2E /* MapViewController.swift */; };
		A383E7D71FFD8ED200DACC2E /* GoogleService-Info.plist in Resources */ = {isa = PBXBuildFile; fileRef = A383E7D61FFD8ED200DACC2E /* GoogleService-Info.plist */; };
		A3BB784E20056D3A00BAF7FD /* SeattleParksAddresses.json in Resources */ = {isa = PBXBuildFile; fileRef = A3BB784D20056D3A00BAF7FD /* SeattleParksAddresses.json */; };
		A3BB785020056DB300BAF7FD /* SeattleParksFeatures.json in Resources */ = {isa = PBXBuildFile; fileRef = A3BB784F20056DB300BAF7FD /* SeattleParksFeatures.json */; };
/* End PBXBuildFile section */

/* Begin PBXFileReference section */
		2AA7398EF4C081246D2672B1 /* Pods-SeattleParksGame.release.xcconfig */ = {isa = PBXFileReference; includeInIndex = 1; lastKnownFileType = text.xcconfig; name = "Pods-SeattleParksGame.release.xcconfig"; path = "Pods/Target Support Files/Pods-SeattleParksGame/Pods-SeattleParksGame.release.xcconfig"; sourceTree = "<group>"; };
		796A9965981998C42C96E857 /* Pods-SeattleParksGame.debug.xcconfig */ = {isa = PBXFileReference; includeInIndex = 1; lastKnownFileType = text.xcconfig; name = "Pods-SeattleParksGame.debug.xcconfig"; path = "Pods/Target Support Files/Pods-SeattleParksGame/Pods-SeattleParksGame.debug.xcconfig"; sourceTree = "<group>"; };
		A37799B31FFF3B6900253E26 /* AnnotationPin.swift */ = {isa = PBXFileReference; lastKnownFileType = sourcecode.swift; path = AnnotationPin.swift; sourceTree = "<group>"; };
		A37799B52002E2AE00253E26 /* MapKit.framework */ = {isa = PBXFileReference; lastKnownFileType = wrapper.framework; name = MapKit.framework; path = System/Library/Frameworks/MapKit.framework; sourceTree = SDKROOT; };
		A37799B720040E7D00253E26 /* AchievementsViewController.swift */ = {isa = PBXFileReference; lastKnownFileType = sourcecode.swift; path = AchievementsViewController.swift; sourceTree = "<group>"; };
		A383E7BB1FFCBA1400DACC2E /* SeattleParksGame.app */ = {isa = PBXFileReference; explicitFileType = wrapper.application; includeInIndex = 0; path = SeattleParksGame.app; sourceTree = BUILT_PRODUCTS_DIR; };
		A383E7BE1FFCBA1400DACC2E /* AppDelegate.swift */ = {isa = PBXFileReference; lastKnownFileType = sourcecode.swift; path = AppDelegate.swift; sourceTree = "<group>"; };
		A383E7C31FFCBA1400DACC2E /* Base */ = {isa = PBXFileReference; lastKnownFileType = file.storyboard; name = Base; path = Base.lproj/Main.storyboard; sourceTree = "<group>"; };
		A383E7C51FFCBA1400DACC2E /* Assets.xcassets */ = {isa = PBXFileReference; lastKnownFileType = folder.assetcatalog; path = Assets.xcassets; sourceTree = "<group>"; };
		A383E7C81FFCBA1400DACC2E /* Base */ = {isa = PBXFileReference; lastKnownFileType = file.storyboard; name = Base; path = Base.lproj/LaunchScreen.storyboard; sourceTree = "<group>"; };
		A383E7CA1FFCBA1400DACC2E /* Info.plist */ = {isa = PBXFileReference; lastKnownFileType = text.plist.xml; path = Info.plist; sourceTree = "<group>"; };
		A383E7D01FFCC18300DACC2E /* HomeViewController.swift */ = {isa = PBXFileReference; lastKnownFileType = sourcecode.swift; path = HomeViewController.swift; sourceTree = "<group>"; };
		A383E7D21FFCC21200DACC2E /* ParkInfoViewController.swift */ = {isa = PBXFileReference; lastKnownFileType = sourcecode.swift; path = ParkInfoViewController.swift; sourceTree = "<group>"; };
		A383E7D41FFCC37A00DACC2E /* MapViewController.swift */ = {isa = PBXFileReference; lastKnownFileType = sourcecode.swift; path = MapViewController.swift; sourceTree = "<group>"; };
		A383E7D61FFD8ED200DACC2E /* GoogleService-Info.plist */ = {isa = PBXFileReference; fileEncoding = 4; lastKnownFileType = text.plist.xml; name = "GoogleService-Info.plist"; path = "../../GoogleService-Info.plist"; sourceTree = "<group>"; };
		A3BB784D20056D3A00BAF7FD /* SeattleParksAddresses.json */ = {isa = PBXFileReference; fileEncoding = 4; lastKnownFileType = text.json; path = SeattleParksAddresses.json; sourceTree = "<group>"; };
		A3BB784F20056DB300BAF7FD /* SeattleParksFeatures.json */ = {isa = PBXFileReference; fileEncoding = 4; lastKnownFileType = text.json; name = SeattleParksFeatures.json; path = ../../SeattleParksFeatures.json; sourceTree = "<group>"; };
		DA7C669535767014740E55CE /* Pods_SeattleParksGame.framework */ = {isa = PBXFileReference; explicitFileType = wrapper.framework; includeInIndex = 0; path = Pods_SeattleParksGame.framework; sourceTree = BUILT_PRODUCTS_DIR; };
/* End PBXFileReference section */

/* Begin PBXFrameworksBuildPhase section */
		A383E7B81FFCBA1400DACC2E /* Frameworks */ = {
			isa = PBXFrameworksBuildPhase;
			buildActionMask = 2147483647;
			files = (
				A37799B62002E2AE00253E26 /* MapKit.framework in Frameworks */,
				124D7641BDA61A3AFE72C77D /* Pods_SeattleParksGame.framework in Frameworks */,
			);
			runOnlyForDeploymentPostprocessing = 0;
		};
/* End PBXFrameworksBuildPhase section */

/* Begin PBXGroup section */
		18B0E5A743C523DE387A06FF /* Pods */ = {
			isa = PBXGroup;
			children = (
				796A9965981998C42C96E857 /* Pods-SeattleParksGame.debug.xcconfig */,
				2AA7398EF4C081246D2672B1 /* Pods-SeattleParksGame.release.xcconfig */,
			);
			name = Pods;
			sourceTree = "<group>";
		};
		A383E7B21FFCBA1400DACC2E = {
			isa = PBXGroup;
			children = (
				A383E7BD1FFCBA1400DACC2E /* SeattleParksGame */,
				A383E7BC1FFCBA1400DACC2E /* Products */,
				18B0E5A743C523DE387A06FF /* Pods */,
				E6D9D1A0B635BEE155CBCBB4 /* Frameworks */,
			);
			sourceTree = "<group>";
		};
		A383E7BC1FFCBA1400DACC2E /* Products */ = {
			isa = PBXGroup;
			children = (
				A383E7BB1FFCBA1400DACC2E /* SeattleParksGame.app */,
			);
			name = Products;
			sourceTree = "<group>";
		};
		A383E7BD1FFCBA1400DACC2E /* SeattleParksGame */ = {
			isa = PBXGroup;
			children = (
				A3BB784F20056DB300BAF7FD /* SeattleParksFeatures.json */,
				A3BB784D20056D3A00BAF7FD /* SeattleParksAddresses.json */,
				A383E7C51FFCBA1400DACC2E /* Assets.xcassets */,
				A383E7BE1FFCBA1400DACC2E /* AppDelegate.swift */,
				A383E7C21FFCBA1400DACC2E /* Main.storyboard */,
				A383E7D61FFD8ED200DACC2E /* GoogleService-Info.plist */,
				A383E7D21FFCC21200DACC2E /* ParkInfoViewController.swift */,
				A383E7D41FFCC37A00DACC2E /* MapViewController.swift */,
				A383E7D01FFCC18300DACC2E /* HomeViewController.swift */,
				A37799B720040E7D00253E26 /* AchievementsViewController.swift */,
				A383E7C71FFCBA1400DACC2E /* LaunchScreen.storyboard */,
				A383E7CA1FFCBA1400DACC2E /* Info.plist */,
				A37799B31FFF3B6900253E26 /* AnnotationPin.swift */,
			);
			path = SeattleParksGame;
			sourceTree = "<group>";
		};
		E6D9D1A0B635BEE155CBCBB4 /* Frameworks */ = {
			isa = PBXGroup;
			children = (
				A37799B52002E2AE00253E26 /* MapKit.framework */,
				DA7C669535767014740E55CE /* Pods_SeattleParksGame.framework */,
			);
			name = Frameworks;
			sourceTree = "<group>";
		};
/* End PBXGroup section */

/* Begin PBXNativeTarget section */
		A383E7BA1FFCBA1400DACC2E /* SeattleParksGame */ = {
			isa = PBXNativeTarget;
			buildConfigurationList = A383E7CD1FFCBA1400DACC2E /* Build configuration list for PBXNativeTarget "SeattleParksGame" */;
			buildPhases = (
				53FD1D4975B202AA05884473 /* [CP] Check Pods Manifest.lock */,
				A383E7B71FFCBA1400DACC2E /* Sources */,
				A383E7B81FFCBA1400DACC2E /* Frameworks */,
				A383E7B91FFCBA1400DACC2E /* Resources */,
				E03018105429079C35E30DD4 /* [CP] Embed Pods Frameworks */,
				CD2E766489DCC7B05D1A7A93 /* [CP] Copy Pods Resources */,
			);
			buildRules = (
			);
			dependencies = (
			);
			name = SeattleParksGame;
			productName = SeattleParksGame;
			productReference = A383E7BB1FFCBA1400DACC2E /* SeattleParksGame.app */;
			productType = "com.apple.product-type.application";
		};
/* End PBXNativeTarget section */

/* Begin PBXProject section */
		A383E7B31FFCBA1400DACC2E /* Project object */ = {
			isa = PBXProject;
			attributes = {
				LastSwiftUpdateCheck = 0920;
				LastUpgradeCheck = 0920;
				ORGANIZATIONNAME = "Julia Meier";
				TargetAttributes = {
					A383E7BA1FFCBA1400DACC2E = {
						CreatedOnToolsVersion = 9.2;
						ProvisioningStyle = Automatic;
					};
				};
			};
			buildConfigurationList = A383E7B61FFCBA1400DACC2E /* Build configuration list for PBXProject "SeattleParksGame" */;
			compatibilityVersion = "Xcode 8.0";
			developmentRegion = en;
			hasScannedForEncodings = 0;
			knownRegions = (
				en,
				Base,
			);
			mainGroup = A383E7B21FFCBA1400DACC2E;
			productRefGroup = A383E7BC1FFCBA1400DACC2E /* Products */;
			projectDirPath = "";
			projectRoot = "";
			targets = (
				A383E7BA1FFCBA1400DACC2E /* SeattleParksGame */,
			);
		};
/* End PBXProject section */

/* Begin PBXResourcesBuildPhase section */
		A383E7B91FFCBA1400DACC2E /* Resources */ = {
			isa = PBXResourcesBuildPhase;
			buildActionMask = 2147483647;
			files = (
				A383E7C91FFCBA1400DACC2E /* LaunchScreen.storyboard in Resources */,
				A383E7D71FFD8ED200DACC2E /* GoogleService-Info.plist in Resources */,
				A383E7C61FFCBA1400DACC2E /* Assets.xcassets in Resources */,
				A383E7C41FFCBA1400DACC2E /* Main.storyboard in Resources */,
				A3BB784E20056D3A00BAF7FD /* SeattleParksAddresses.json in Resources */,
				A3BB785020056DB300BAF7FD /* SeattleParksFeatures.json in Resources */,
			);
			runOnlyForDeploymentPostprocessing = 0;
		};
/* End PBXResourcesBuildPhase section */

/* Begin PBXShellScriptBuildPhase section */
		53FD1D4975B202AA05884473 /* [CP] Check Pods Manifest.lock */ = {
			isa = PBXShellScriptBuildPhase;
			buildActionMask = 2147483647;
			files = (
			);
			inputPaths = (
				"${PODS_PODFILE_DIR_PATH}/Podfile.lock",
				"${PODS_ROOT}/Manifest.lock",
			);
			name = "[CP] Check Pods Manifest.lock";
			outputPaths = (
				"$(DERIVED_FILE_DIR)/Pods-SeattleParksGame-checkManifestLockResult.txt",
			);
			runOnlyForDeploymentPostprocessing = 0;
			shellPath = /bin/sh;
			shellScript = "diff \"${PODS_PODFILE_DIR_PATH}/Podfile.lock\" \"${PODS_ROOT}/Manifest.lock\" > /dev/null\nif [ $? != 0 ] ; then\n    # print error to STDERR\n    echo \"error: The sandbox is not in sync with the Podfile.lock. Run 'pod install' or update your CocoaPods installation.\" >&2\n    exit 1\nfi\n# This output is used by Xcode 'outputs' to avoid re-running this script phase.\necho \"SUCCESS\" > \"${SCRIPT_OUTPUT_FILE_0}\"\n";
			showEnvVarsInLog = 0;
		};
		CD2E766489DCC7B05D1A7A93 /* [CP] Copy Pods Resources */ = {
			isa = PBXShellScriptBuildPhase;
			buildActionMask = 2147483647;
			files = (
			);
			inputPaths = (
			);
			name = "[CP] Copy Pods Resources";
			outputPaths = (
			);
			runOnlyForDeploymentPostprocessing = 0;
			shellPath = /bin/sh;
			shellScript = "\"${SRCROOT}/Pods/Target Support Files/Pods-SeattleParksGame/Pods-SeattleParksGame-resources.sh\"\n";
			showEnvVarsInLog = 0;
		};
		E03018105429079C35E30DD4 /* [CP] Embed Pods Frameworks */ = {
			isa = PBXShellScriptBuildPhase;
			buildActionMask = 2147483647;
			files = (
			);
			inputPaths = (
				"${SRCROOT}/Pods/Target Support Files/Pods-SeattleParksGame/Pods-SeattleParksGame-frameworks.sh",
				"${BUILT_PRODUCTS_DIR}/FontAwesomeKit/FontAwesomeKit.framework",
				"${BUILT_PRODUCTS_DIR}/GTMSessionFetcher/GTMSessionFetcher.framework",
				"${BUILT_PRODUCTS_DIR}/GoogleToolboxForMac/GoogleToolboxForMac.framework",
				"${BUILT_PRODUCTS_DIR}/leveldb-library/leveldb.framework",
				"${BUILT_PRODUCTS_DIR}/nanopb/nanopb.framework",
			);
			name = "[CP] Embed Pods Frameworks";
			outputPaths = (
				"${TARGET_BUILD_DIR}/${FRAMEWORKS_FOLDER_PATH}/FontAwesomeKit.framework",
				"${TARGET_BUILD_DIR}/${FRAMEWORKS_FOLDER_PATH}/GTMSessionFetcher.framework",
				"${TARGET_BUILD_DIR}/${FRAMEWORKS_FOLDER_PATH}/GoogleToolboxForMac.framework",
				"${TARGET_BUILD_DIR}/${FRAMEWORKS_FOLDER_PATH}/leveldb.framework",
				"${TARGET_BUILD_DIR}/${FRAMEWORKS_FOLDER_PATH}/nanopb.framework",
			);
			runOnlyForDeploymentPostprocessing = 0;
			shellPath = /bin/sh;
			shellScript = "\"${SRCROOT}/Pods/Target Support Files/Pods-SeattleParksGame/Pods-SeattleParksGame-frameworks.sh\"\n";
			showEnvVarsInLog = 0;
		};
/* End PBXShellScriptBuildPhase section */

/* Begin PBXSourcesBuildPhase section */
		A383E7B71FFCBA1400DACC2E /* Sources */ = {
			isa = PBXSourcesBuildPhase;
			buildActionMask = 2147483647;
			files = (
				A37799B820040E7D00253E26 /* AchievementsViewController.swift in Sources */,
				A383E7D31FFCC21300DACC2E /* ParkInfoViewController.swift in Sources */,
				A37799B41FFF3B6900253E26 /* AnnotationPin.swift in Sources */,
				A383E7BF1FFCBA1400DACC2E /* AppDelegate.swift in Sources */,
				A383E7D11FFCC18300DACC2E /* HomeViewController.swift in Sources */,
				A383E7D51FFCC37A00DACC2E /* MapViewController.swift in Sources */,
			);
			runOnlyForDeploymentPostprocessing = 0;
		};
/* End PBXSourcesBuildPhase section */

/* Begin PBXVariantGroup section */
		A383E7C21FFCBA1400DACC2E /* Main.storyboard */ = {
			isa = PBXVariantGroup;
			children = (
				A383E7C31FFCBA1400DACC2E /* Base */,
			);
			name = Main.storyboard;
			sourceTree = "<group>";
		};
		A383E7C71FFCBA1400DACC2E /* LaunchScreen.storyboard */ = {
			isa = PBXVariantGroup;
			children = (
				A383E7C81FFCBA1400DACC2E /* Base */,
			);
			name = LaunchScreen.storyboard;
			sourceTree = "<group>";
		};
/* End PBXVariantGroup section */

/* Begin XCBuildConfiguration section */
		A383E7CB1FFCBA1400DACC2E /* Debug */ = {
			isa = XCBuildConfiguration;
			buildSettings = {
				ALWAYS_SEARCH_USER_PATHS = NO;
				CLANG_ANALYZER_NONNULL = YES;
				CLANG_ANALYZER_NUMBER_OBJECT_CONVERSION = YES_AGGRESSIVE;
				CLANG_CXX_LANGUAGE_STANDARD = "gnu++14";
				CLANG_CXX_LIBRARY = "libc++";
				CLANG_ENABLE_MODULES = YES;
				CLANG_ENABLE_OBJC_ARC = YES;
				CLANG_WARN_BLOCK_CAPTURE_AUTORELEASING = YES;
				CLANG_WARN_BOOL_CONVERSION = YES;
				CLANG_WARN_COMMA = YES;
				CLANG_WARN_CONSTANT_CONVERSION = YES;
				CLANG_WARN_DIRECT_OBJC_ISA_USAGE = YES_ERROR;
				CLANG_WARN_DOCUMENTATION_COMMENTS = YES;
				CLANG_WARN_EMPTY_BODY = YES;
				CLANG_WARN_ENUM_CONVERSION = YES;
				CLANG_WARN_INFINITE_RECURSION = YES;
				CLANG_WARN_INT_CONVERSION = YES;
				CLANG_WARN_NON_LITERAL_NULL_CONVERSION = YES;
				CLANG_WARN_OBJC_LITERAL_CONVERSION = YES;
				CLANG_WARN_OBJC_ROOT_CLASS = YES_ERROR;
				CLANG_WARN_RANGE_LOOP_ANALYSIS = YES;
				CLANG_WARN_STRICT_PROTOTYPES = YES;
				CLANG_WARN_SUSPICIOUS_MOVE = YES;
				CLANG_WARN_UNGUARDED_AVAILABILITY = YES_AGGRESSIVE;
				CLANG_WARN_UNREACHABLE_CODE = YES;
				CLANG_WARN__DUPLICATE_METHOD_MATCH = YES;
				CODE_SIGN_IDENTITY = "iPhone Developer";
				COPY_PHASE_STRIP = NO;
				DEBUG_INFORMATION_FORMAT = dwarf;
				ENABLE_STRICT_OBJC_MSGSEND = YES;
				ENABLE_TESTABILITY = YES;
				GCC_C_LANGUAGE_STANDARD = gnu11;
				GCC_DYNAMIC_NO_PIC = NO;
				GCC_NO_COMMON_BLOCKS = YES;
				GCC_OPTIMIZATION_LEVEL = 0;
				GCC_PREPROCESSOR_DEFINITIONS = (
					"DEBUG=1",
					"$(inherited)",
				);
				GCC_WARN_64_TO_32_BIT_CONVERSION = YES;
				GCC_WARN_ABOUT_RETURN_TYPE = YES_ERROR;
				GCC_WARN_UNDECLARED_SELECTOR = YES;
				GCC_WARN_UNINITIALIZED_AUTOS = YES_AGGRESSIVE;
				GCC_WARN_UNUSED_FUNCTION = YES;
				GCC_WARN_UNUSED_VARIABLE = YES;
				IPHONEOS_DEPLOYMENT_TARGET = 11.2;
				MTL_ENABLE_DEBUG_INFO = YES;
				ONLY_ACTIVE_ARCH = YES;
				SDKROOT = iphoneos;
				SWIFT_ACTIVE_COMPILATION_CONDITIONS = DEBUG;
				SWIFT_OPTIMIZATION_LEVEL = "-Onone";
			};
			name = Debug;
		};
		A383E7CC1FFCBA1400DACC2E /* Release */ = {
			isa = XCBuildConfiguration;
			buildSettings = {
				ALWAYS_SEARCH_USER_PATHS = NO;
				CLANG_ANALYZER_NONNULL = YES;
				CLANG_ANALYZER_NUMBER_OBJECT_CONVERSION = YES_AGGRESSIVE;
				CLANG_CXX_LANGUAGE_STANDARD = "gnu++14";
				CLANG_CXX_LIBRARY = "libc++";
				CLANG_ENABLE_MODULES = YES;
				CLANG_ENABLE_OBJC_ARC = YES;
				CLANG_WARN_BLOCK_CAPTURE_AUTORELEASING = YES;
				CLANG_WARN_BOOL_CONVERSION = YES;
				CLANG_WARN_COMMA = YES;
				CLANG_WARN_CONSTANT_CONVERSION = YES;
				CLANG_WARN_DIRECT_OBJC_ISA_USAGE = YES_ERROR;
				CLANG_WARN_DOCUMENTATION_COMMENTS = YES;
				CLANG_WARN_EMPTY_BODY = YES;
				CLANG_WARN_ENUM_CONVERSION = YES;
				CLANG_WARN_INFINITE_RECURSION = YES;
				CLANG_WARN_INT_CONVERSION = YES;
				CLANG_WARN_NON_LITERAL_NULL_CONVERSION = YES;
				CLANG_WARN_OBJC_LITERAL_CONVERSION = YES;
				CLANG_WARN_OBJC_ROOT_CLASS = YES_ERROR;
				CLANG_WARN_RANGE_LOOP_ANALYSIS = YES;
				CLANG_WARN_STRICT_PROTOTYPES = YES;
				CLANG_WARN_SUSPICIOUS_MOVE = YES;
				CLANG_WARN_UNGUARDED_AVAILABILITY = YES_AGGRESSIVE;
				CLANG_WARN_UNREACHABLE_CODE = YES;
				CLANG_WARN__DUPLICATE_METHOD_MATCH = YES;
				CODE_SIGN_IDENTITY = "iPhone Developer";
				COPY_PHASE_STRIP = NO;
				DEBUG_INFORMATION_FORMAT = "dwarf-with-dsym";
				ENABLE_NS_ASSERTIONS = NO;
				ENABLE_STRICT_OBJC_MSGSEND = YES;
				GCC_C_LANGUAGE_STANDARD = gnu11;
				GCC_NO_COMMON_BLOCKS = YES;
				GCC_WARN_64_TO_32_BIT_CONVERSION = YES;
				GCC_WARN_ABOUT_RETURN_TYPE = YES_ERROR;
				GCC_WARN_UNDECLARED_SELECTOR = YES;
				GCC_WARN_UNINITIALIZED_AUTOS = YES_AGGRESSIVE;
				GCC_WARN_UNUSED_FUNCTION = YES;
				GCC_WARN_UNUSED_VARIABLE = YES;
				IPHONEOS_DEPLOYMENT_TARGET = 11.2;
				MTL_ENABLE_DEBUG_INFO = NO;
				SDKROOT = iphoneos;
				SWIFT_OPTIMIZATION_LEVEL = "-Owholemodule";
				VALIDATE_PRODUCT = YES;
			};
			name = Release;
		};
		A383E7CE1FFCBA1400DACC2E /* Debug */ = {
			isa = XCBuildConfiguration;
			baseConfigurationReference = 796A9965981998C42C96E857 /* Pods-SeattleParksGame.debug.xcconfig */;
			buildSettings = {
				ASSETCATALOG_COMPILER_APPICON_NAME = AppIcon;
				CODE_SIGN_STYLE = Automatic;
				INFOPLIST_FILE = SeattleParksGame/Info.plist;
				LD_RUNPATH_SEARCH_PATHS = "$(inherited) @executable_path/Frameworks";
				PRODUCT_BUNDLE_IDENTIFIER = com.juliameier.SeattleParksGame;
				PRODUCT_NAME = "$(TARGET_NAME)";
				SWIFT_VERSION = 4.0;
				TARGETED_DEVICE_FAMILY = 1;
			};
			name = Debug;
		};
		A383E7CF1FFCBA1400DACC2E /* Release */ = {
			isa = XCBuildConfiguration;
			baseConfigurationReference = 2AA7398EF4C081246D2672B1 /* Pods-SeattleParksGame.release.xcconfig */;
			buildSettings = {
				ASSETCATALOG_COMPILER_APPICON_NAME = AppIcon;
				CODE_SIGN_STYLE = Automatic;
				INFOPLIST_FILE = SeattleParksGame/Info.plist;
				LD_RUNPATH_SEARCH_PATHS = "$(inherited) @executable_path/Frameworks";
				PRODUCT_BUNDLE_IDENTIFIER = com.juliameier.SeattleParksGame;
				PRODUCT_NAME = "$(TARGET_NAME)";
				SWIFT_VERSION = 4.0;
				TARGETED_DEVICE_FAMILY = 1;
			};
			name = Release;
		};
/* End XCBuildConfiguration section */

/* Begin XCConfigurationList section */
		A383E7B61FFCBA1400DACC2E /* Build configuration list for PBXProject "SeattleParksGame" */ = {
			isa = XCConfigurationList;
			buildConfigurations = (
				A383E7CB1FFCBA1400DACC2E /* Debug */,
				A383E7CC1FFCBA1400DACC2E /* Release */,
			);
			defaultConfigurationIsVisible = 0;
			defaultConfigurationName = Release;
		};
		A383E7CD1FFCBA1400DACC2E /* Build configuration list for PBXNativeTarget "SeattleParksGame" */ = {
			isa = XCConfigurationList;
			buildConfigurations = (
				A383E7CE1FFCBA1400DACC2E /* Debug */,
				A383E7CF1FFCBA1400DACC2E /* Release */,
			);
			defaultConfigurationIsVisible = 0;
			defaultConfigurationName = Release;
		};
/* End XCConfigurationList section */
	};
	rootObject = A383E7B31FFCBA1400DACC2E /* Project object */;
}
